
Microsoft Visual Studio Solution File, Format Version 12.00
# 
Project("{FAE04EC0-301F-11D3-BF4B-00C04F79EFBC}") = "BackendFungi", "BackendFungi.csproj", "{2A88C95E-2F0A-4037-8FC4-8BD8EE8BD960}"
EndProject
Project("{2150E333-8FDC-42A3-9474-1A3956D46DE8}") = "tests", "tests", "{FA76226D-9993-4C0F-AE9E-44578B021D03}"
EndProject
Project("{FAE04EC0-301F-11D3-BF4B-00C04F79EFBC}") = "BackendFungi.IntegrationTests", "tests\BackendFungi.IntegrationTests\BackendFungi.IntegrationTests.csproj", "{AE4A3865-5864-4AFA-8F15-02E66CA6508E}"
EndProject
Global
	GlobalSection(SolutionConfigurationPlatforms) = preSolution
		Debug|Any CPU = Debug|Any CPU
		Release|Any CPU = Release|Any CPU
	EndGlobalSection
	GlobalSection(ProjectConfigurationPlatforms) = postSolution
		{2A88C95E-2F0A-4037-8FC4-8BD8EE8BD960}.Debug|Any CPU.ActiveCfg = Debug|Any CPU
		{2A88C95E-2F0A-4037-8FC4-8BD8EE8BD960}.Debug|Any CPU.Build.0 = Debug|Any CPU
		{2A88C95E-2F0A-4037-8FC4-8BD8EE8BD960}.Release|Any CPU.ActiveCfg = Release|Any CPU
		{2A88C95E-2F0A-4037-8FC4-8BD8EE8BD960}.Release|Any CPU.Build.0 = Release|Any CPU
		{AE4A3865-5864-4AFA-8F15-02E66CA6508E}.Debug|Any CPU.ActiveCfg = Debug|Any CPU
		{AE4A3865-5864-4AFA-8F15-02E66CA6508E}.Debug|Any CPU.Build.0 = Debug|Any CPU
		{AE4A3865-5864-4AFA-8F15-02E66CA6508E}.Release|Any CPU.ActiveCfg = Release|Any CPU
		{AE4A3865-5864-4AFA-8F15-02E66CA6508E}.Release|Any CPU.Build.0 = Release|Any CPU
	EndGlobalSection
	GlobalSection(NestedProjects) = preSolution
		{AE4A3865-5864-4AFA-8F15-02E66CA6508E} = {FA76226D-9993-4C0F-AE9E-44578B021D03}
	EndGlobalSection
EndGlobal
